// !$*UTF8*$!
{
	archiveVersion = 1;
	classes = {
	};
	objectVersion = 46;
	objects = {

/* Begin PBXBuildFile section */
		2B5A59831EE231CD00EEC159 /* Info.plist in Resources */ = {isa = PBXBuildFile; fileRef = 2B5A59821EE231CD00EEC159 /* Info.plist */; };
		2B5A59851EE247B900EEC159 /* EventDetailsViewController.swift in Sources */ = {isa = PBXBuildFile; fileRef = 2B5A59841EE247B900EEC159 /* EventDetailsViewController.swift */; };
		2B5A59951EE3852200EEC159 /* AppDelegate.swift in Sources */ = {isa = PBXBuildFile; fileRef = 2B5A59921EE3852200EEC159 /* AppDelegate.swift */; };
		2B5A59961EE3852200EEC159 /* MapViewController.swift in Sources */ = {isa = PBXBuildFile; fileRef = 2B5A59931EE3852200EEC159 /* MapViewController.swift */; };
		2B5A59971EE3852200EEC159 /* QueryViewController.swift in Sources */ = {isa = PBXBuildFile; fileRef = 2B5A59941EE3852200EEC159 /* QueryViewController.swift */; };
		2B5A599A1EE385FB00EEC159 /* Main.storyboard in Resources */ = {isa = PBXBuildFile; fileRef = 2B5A59981EE385FB00EEC159 /* Main.storyboard */; };
		2BA1423A1EE22FBC003DF54D /* Assets.xcassets in Resources */ = {isa = PBXBuildFile; fileRef = 2BA142391EE22FBC003DF54D /* Assets.xcassets */; };
		2BA1423D1EE22FBC003DF54D /* LaunchScreen.storyboard in Resources */ = {isa = PBXBuildFile; fileRef = 2BA1423B1EE22FBC003DF54D /* LaunchScreen.storyboard */; };
		2BA142461EE230A5003DF54D /* SODAClient.swift in Sources */ = {isa = PBXBuildFile; fileRef = 2D9E265919972FEF0047C5C8 /* SODAClient.swift */; };
		2D9E264619972FD20047C5C8 /* SODAKit.h in Headers */ = {isa = PBXBuildFile; fileRef = 2D9E264519972FD20047C5C8 /* SODAKit.h */; settings = {ATTRIBUTES = (Public, ); }; };
		2D9E265019972FD20047C5C8 /* SODAClientTests.swift in Sources */ = {isa = PBXBuildFile; fileRef = 2D9E264F19972FD20047C5C8 /* SODAClientTests.swift */; };
		2D9E265A19972FEF0047C5C8 /* SODAClient.swift in Sources */ = {isa = PBXBuildFile; fileRef = 2D9E265919972FEF0047C5C8 /* SODAClient.swift */; };
		2D9E265B199736E90047C5C8 /* SODAClient.swift in Sources */ = {isa = PBXBuildFile; fileRef = 2D9E265919972FEF0047C5C8 /* SODAClient.swift */; };
		4FB082FC1E184136000814D0 /* Base.xcconfig in Resources */ = {isa = PBXBuildFile; fileRef = 4FB082F71E184136000814D0 /* Base.xcconfig */; };
		4FB082FD1E184136000814D0 /* Debug.xcconfig in Resources */ = {isa = PBXBuildFile; fileRef = 4FB082F81E184136000814D0 /* Debug.xcconfig */; };
		4FB082FE1E184136000814D0 /* Framework.xcconfig in Resources */ = {isa = PBXBuildFile; fileRef = 4FB082F91E184136000814D0 /* Framework.xcconfig */; };
		4FB082FF1E184136000814D0 /* Release.xcconfig in Resources */ = {isa = PBXBuildFile; fileRef = 4FB082FA1E184136000814D0 /* Release.xcconfig */; };
		4FB083001E184136000814D0 /* Tests.xcconfig in Resources */ = {isa = PBXBuildFile; fileRef = 4FB082FB1E184136000814D0 /* Tests.xcconfig */; };
		4FF1B2FF1E184C9F0066AB9D /* SODAClient.swift in Sources */ = {isa = PBXBuildFile; fileRef = 2D9E265919972FEF0047C5C8 /* SODAClient.swift */; };
/* End PBXBuildFile section */

/* Begin PBXFileReference section */
		2B5A59821EE231CD00EEC159 /* Info.plist */ = {isa = PBXFileReference; fileEncoding = 4; lastKnownFileType = text.plist.xml; path = Info.plist; sourceTree = "<group>"; };
		2B5A59841EE247B900EEC159 /* EventDetailsViewController.swift */ = {isa = PBXFileReference; fileEncoding = 4; lastKnownFileType = sourcecode.swift; path = EventDetailsViewController.swift; sourceTree = "<group>"; };
		2B5A59921EE3852200EEC159 /* AppDelegate.swift */ = {isa = PBXFileReference; fileEncoding = 4; lastKnownFileType = sourcecode.swift; path = AppDelegate.swift; sourceTree = "<group>"; };
		2B5A59931EE3852200EEC159 /* MapViewController.swift */ = {isa = PBXFileReference; fileEncoding = 4; lastKnownFileType = sourcecode.swift; path = MapViewController.swift; sourceTree = "<group>"; };
		2B5A59941EE3852200EEC159 /* QueryViewController.swift */ = {isa = PBXFileReference; fileEncoding = 4; lastKnownFileType = sourcecode.swift; path = QueryViewController.swift; sourceTree = "<group>"; };
		2B5A59991EE385FB00EEC159 /* Base */ = {isa = PBXFileReference; lastKnownFileType = file.storyboard; name = Base; path = "SODA iOS Sample/Base.lproj/Main.storyboard"; sourceTree = "<group>"; };
		2BA1422E1EE22FBC003DF54D /* SODA iOS Sample.app */ = {isa = PBXFileReference; explicitFileType = wrapper.application; includeInIndex = 0; path = "SODA iOS Sample.app"; sourceTree = BUILT_PRODUCTS_DIR; };
		2BA142391EE22FBC003DF54D /* Assets.xcassets */ = {isa = PBXFileReference; lastKnownFileType = folder.assetcatalog; path = Assets.xcassets; sourceTree = "<group>"; };
		2BA1423C1EE22FBC003DF54D /* Base */ = {isa = PBXFileReference; lastKnownFileType = file.storyboard; name = Base; path = Base.lproj/LaunchScreen.storyboard; sourceTree = "<group>"; };
		2D9E264019972FD20047C5C8 /* SODAKit.framework */ = {isa = PBXFileReference; explicitFileType = wrapper.framework; includeInIndex = 0; path = SODAKit.framework; sourceTree = BUILT_PRODUCTS_DIR; };
		2D9E264419972FD20047C5C8 /* Info.plist */ = {isa = PBXFileReference; lastKnownFileType = text.plist.xml; path = Info.plist; sourceTree = "<group>"; };
		2D9E264519972FD20047C5C8 /* SODAKit.h */ = {isa = PBXFileReference; lastKnownFileType = sourcecode.c.h; path = SODAKit.h; sourceTree = "<group>"; };
		2D9E264B19972FD20047C5C8 /* SODATests.xctest */ = {isa = PBXFileReference; explicitFileType = wrapper.cfbundle; includeInIndex = 0; path = SODATests.xctest; sourceTree = BUILT_PRODUCTS_DIR; };
		2D9E264E19972FD20047C5C8 /* Info.plist */ = {isa = PBXFileReference; lastKnownFileType = text.plist.xml; path = Info.plist; sourceTree = "<group>"; };
		2D9E264F19972FD20047C5C8 /* SODAClientTests.swift */ = {isa = PBXFileReference; lastKnownFileType = sourcecode.swift; path = SODAClientTests.swift; sourceTree = "<group>"; };
		2D9E265919972FEF0047C5C8 /* SODAClient.swift */ = {isa = PBXFileReference; fileEncoding = 4; lastKnownFileType = sourcecode.swift; path = SODAClient.swift; sourceTree = "<group>"; };
		4FB082F71E184136000814D0 /* Base.xcconfig */ = {isa = PBXFileReference; fileEncoding = 4; lastKnownFileType = text.xcconfig; name = Base.xcconfig; path = Configurations/Base.xcconfig; sourceTree = "<group>"; };
		4FB082F81E184136000814D0 /* Debug.xcconfig */ = {isa = PBXFileReference; fileEncoding = 4; lastKnownFileType = text.xcconfig; name = Debug.xcconfig; path = Configurations/Debug.xcconfig; sourceTree = "<group>"; };
		4FB082F91E184136000814D0 /* Framework.xcconfig */ = {isa = PBXFileReference; fileEncoding = 4; lastKnownFileType = text.xcconfig; name = Framework.xcconfig; path = Configurations/Framework.xcconfig; sourceTree = "<group>"; };
		4FB082FA1E184136000814D0 /* Release.xcconfig */ = {isa = PBXFileReference; fileEncoding = 4; lastKnownFileType = text.xcconfig; name = Release.xcconfig; path = Configurations/Release.xcconfig; sourceTree = "<group>"; };
		4FB082FB1E184136000814D0 /* Tests.xcconfig */ = {isa = PBXFileReference; fileEncoding = 4; lastKnownFileType = text.xcconfig; name = Tests.xcconfig; path = Configurations/Tests.xcconfig; sourceTree = "<group>"; };
		4FEB212A1E15BB0600C242F8 /* MapKit.framework */ = {isa = PBXFileReference; lastKnownFileType = wrapper.framework; name = MapKit.framework; path = System/Library/Frameworks/MapKit.framework; sourceTree = SDKROOT; };
		4FF1B2F71E184C860066AB9D /* SODAKit.framework */ = {isa = PBXFileReference; explicitFileType = wrapper.framework; includeInIndex = 0; path = SODAKit.framework; sourceTree = BUILT_PRODUCTS_DIR; };
/* End PBXFileReference section */

/* Begin PBXFrameworksBuildPhase section */
		2BA1422B1EE22FBC003DF54D /* Frameworks */ = {
			isa = PBXFrameworksBuildPhase;
			buildActionMask = 2147483647;
			files = (
			);
			runOnlyForDeploymentPostprocessing = 0;
		};
		2D9E263C19972FD10047C5C8 /* Frameworks */ = {
			isa = PBXFrameworksBuildPhase;
			buildActionMask = 2147483647;
			files = (
			);
			runOnlyForDeploymentPostprocessing = 0;
		};
		2D9E264819972FD20047C5C8 /* Frameworks */ = {
			isa = PBXFrameworksBuildPhase;
			buildActionMask = 2147483647;
			files = (
			);
			runOnlyForDeploymentPostprocessing = 0;
		};
		4FF1B2F31E184C860066AB9D /* Frameworks */ = {
			isa = PBXFrameworksBuildPhase;
			buildActionMask = 2147483647;
			files = (
			);
			runOnlyForDeploymentPostprocessing = 0;
		};
/* End PBXFrameworksBuildPhase section */

/* Begin PBXGroup section */
		2BA1422F1EE22FBC003DF54D /* SODA iOS Sample */ = {
			isa = PBXGroup;
			children = (
				2B5A59981EE385FB00EEC159 /* Main.storyboard */,
				2B5A59941EE3852200EEC159 /* QueryViewController.swift */,
				2B5A59841EE247B900EEC159 /* EventDetailsViewController.swift */,
				2B5A59931EE3852200EEC159 /* MapViewController.swift */,
				2B5A59921EE3852200EEC159 /* AppDelegate.swift */,
				2BA142391EE22FBC003DF54D /* Assets.xcassets */,
				2B5A59821EE231CD00EEC159 /* Info.plist */,
				2BA1423B1EE22FBC003DF54D /* LaunchScreen.storyboard */,
			);
			path = "SODA iOS Sample";
			sourceTree = "<group>";
		};
		2D9E263619972FD10047C5C8 = {
			isa = PBXGroup;
			children = (
				4FB082F61E184125000814D0 /* Configurations */,
				2D9E264219972FD20047C5C8 /* SODAKit */,
				2D9E264C19972FD20047C5C8 /* SODATests */,
				2BA1422F1EE22FBC003DF54D /* SODA iOS Sample */,
				2D9E264119972FD20047C5C8 /* Products */,
				4FEB21291E15BB0500C242F8 /* Frameworks */,
			);
			sourceTree = "<group>";
		};
		2D9E264119972FD20047C5C8 /* Products */ = {
			isa = PBXGroup;
			children = (
				2D9E264019972FD20047C5C8 /* SODAKit.framework */,
				2D9E264B19972FD20047C5C8 /* SODATests.xctest */,
				4FF1B2F71E184C860066AB9D /* SODAKit.framework */,
				2BA1422E1EE22FBC003DF54D /* SODA iOS Sample.app */,
			);
			name = Products;
			sourceTree = "<group>";
		};
		2D9E264219972FD20047C5C8 /* SODAKit */ = {
			isa = PBXGroup;
			children = (
				2D9E265919972FEF0047C5C8 /* SODAClient.swift */,
				2D9E264519972FD20047C5C8 /* SODAKit.h */,
				2D9E264319972FD20047C5C8 /* Supporting Files */,
			);
			path = SODAKit;
			sourceTree = "<group>";
		};
		2D9E264319972FD20047C5C8 /* Supporting Files */ = {
			isa = PBXGroup;
			children = (
				2D9E264419972FD20047C5C8 /* Info.plist */,
			);
			name = "Supporting Files";
			sourceTree = "<group>";
		};
		2D9E264C19972FD20047C5C8 /* SODATests */ = {
			isa = PBXGroup;
			children = (
				2D9E264F19972FD20047C5C8 /* SODAClientTests.swift */,
				2D9E264D19972FD20047C5C8 /* Supporting Files */,
			);
			path = SODATests;
			sourceTree = "<group>";
		};
		2D9E264D19972FD20047C5C8 /* Supporting Files */ = {
			isa = PBXGroup;
			children = (
				2D9E264E19972FD20047C5C8 /* Info.plist */,
			);
			name = "Supporting Files";
			sourceTree = "<group>";
		};
		4FB082F61E184125000814D0 /* Configurations */ = {
			isa = PBXGroup;
			children = (
				4FB082F71E184136000814D0 /* Base.xcconfig */,
				4FB082F81E184136000814D0 /* Debug.xcconfig */,
				4FB082F91E184136000814D0 /* Framework.xcconfig */,
				4FB082FA1E184136000814D0 /* Release.xcconfig */,
				4FB082FB1E184136000814D0 /* Tests.xcconfig */,
			);
			name = Configurations;
			sourceTree = "<group>";
		};
		4FEB21291E15BB0500C242F8 /* Frameworks */ = {
			isa = PBXGroup;
			children = (
				4FEB212A1E15BB0600C242F8 /* MapKit.framework */,
			);
			name = Frameworks;
			sourceTree = "<group>";
		};
/* End PBXGroup section */

/* Begin PBXHeadersBuildPhase section */
		2D9E263D19972FD10047C5C8 /* Headers */ = {
			isa = PBXHeadersBuildPhase;
			buildActionMask = 2147483647;
			files = (
				2D9E264619972FD20047C5C8 /* SODAKit.h in Headers */,
			);
			runOnlyForDeploymentPostprocessing = 0;
		};
		4FF1B2F41E184C860066AB9D /* Headers */ = {
			isa = PBXHeadersBuildPhase;
			buildActionMask = 2147483647;
			files = (
			);
			runOnlyForDeploymentPostprocessing = 0;
		};
/* End PBXHeadersBuildPhase section */

/* Begin PBXNativeTarget section */
		2BA1422D1EE22FBC003DF54D /* SODA iOS Sample */ = {
			isa = PBXNativeTarget;
			buildConfigurationList = 2BA142411EE22FBC003DF54D /* Build configuration list for PBXNativeTarget "SODA iOS Sample" */;
			buildPhases = (
				2BA1422A1EE22FBC003DF54D /* Sources */,
				2BA1422B1EE22FBC003DF54D /* Frameworks */,
				2BA1422C1EE22FBC003DF54D /* Resources */,
			);
			buildRules = (
			);
			dependencies = (
			);
			name = "SODA iOS Sample";
			productName = "SODA iOS Sample";
			productReference = 2BA1422E1EE22FBC003DF54D /* SODA iOS Sample.app */;
			productType = "com.apple.product-type.application";
		};
		2D9E263F19972FD10047C5C8 /* SODAKit */ = {
			isa = PBXNativeTarget;
			buildConfigurationList = 2D9E265319972FD20047C5C8 /* Build configuration list for PBXNativeTarget "SODAKit" */;
			buildPhases = (
				2D9E263B19972FD10047C5C8 /* Sources */,
				2D9E263C19972FD10047C5C8 /* Frameworks */,
				2D9E263D19972FD10047C5C8 /* Headers */,
				2D9E263E19972FD10047C5C8 /* Resources */,
			);
			buildRules = (
			);
			dependencies = (
			);
			name = SODAKit;
			productName = SODAKit;
			productReference = 2D9E264019972FD20047C5C8 /* SODAKit.framework */;
			productType = "com.apple.product-type.framework";
		};
		2D9E264A19972FD20047C5C8 /* SODATests */ = {
			isa = PBXNativeTarget;
			buildConfigurationList = 2D9E265619972FD20047C5C8 /* Build configuration list for PBXNativeTarget "SODATests" */;
			buildPhases = (
				2D9E264719972FD20047C5C8 /* Sources */,
				2D9E264819972FD20047C5C8 /* Frameworks */,
				2D9E264919972FD20047C5C8 /* Resources */,
			);
			buildRules = (
			);
			dependencies = (
			);
			name = SODATests;
			productName = SODATests;
			productReference = 2D9E264B19972FD20047C5C8 /* SODATests.xctest */;
			productType = "com.apple.product-type.bundle.unit-test";
		};
		4FF1B2F61E184C860066AB9D /* SODAKit (watchOS) */ = {
			isa = PBXNativeTarget;
			buildConfigurationList = 4FF1B2FC1E184C860066AB9D /* Build configuration list for PBXNativeTarget "SODAKit (watchOS)" */;
			buildPhases = (
				4FF1B2F21E184C860066AB9D /* Sources */,
				4FF1B2F31E184C860066AB9D /* Frameworks */,
				4FF1B2F41E184C860066AB9D /* Headers */,
				4FF1B2F51E184C860066AB9D /* Resources */,
			);
			buildRules = (
			);
			dependencies = (
			);
			name = "SODAKit (watchOS)";
			productName = "SODAKit (watchOS)";
			productReference = 4FF1B2F71E184C860066AB9D /* SODAKit.framework */;
			productType = "com.apple.product-type.framework";
		};
/* End PBXNativeTarget section */

/* Begin PBXProject section */
		2D9E263719972FD10047C5C8 /* Project object */ = {
			isa = PBXProject;
			attributes = {
				LastSwiftMigration = 0710;
				LastSwiftUpdateCheck = 0820;
				LastUpgradeCheck = 0820;
				ORGANIZATIONNAME = Socrata;
				TargetAttributes = {
					2BA1422D1EE22FBC003DF54D = {
						CreatedOnToolsVersion = 8.2.1;
						ProvisioningStyle = Automatic;
					};
					2D9E263F19972FD10047C5C8 = {
						CreatedOnToolsVersion = 6.0;
						LastSwiftMigration = 0820;
						ProvisioningStyle = Automatic;
					};
					2D9E264A19972FD20047C5C8 = {
						CreatedOnToolsVersion = 6.0;
						LastSwiftMigration = 0820;
					};
					4FF1B2F61E184C860066AB9D = {
						CreatedOnToolsVersion = 8.2;
						ProvisioningStyle = Automatic;
					};
				};
			};
			buildConfigurationList = 2D9E263A19972FD10047C5C8 /* Build configuration list for PBXProject "soda-swift" */;
			compatibilityVersion = "Xcode 3.2";
			developmentRegion = English;
			hasScannedForEncodings = 0;
			knownRegions = (
				en,
				Base,
			);
			mainGroup = 2D9E263619972FD10047C5C8;
			productRefGroup = 2D9E264119972FD20047C5C8 /* Products */;
			projectDirPath = "";
			projectRoot = "";
			targets = (
				2D9E263F19972FD10047C5C8 /* SODAKit */,
				2D9E264A19972FD20047C5C8 /* SODATests */,
				4FF1B2F61E184C860066AB9D /* SODAKit (watchOS) */,
				2BA1422D1EE22FBC003DF54D /* SODA iOS Sample */,
			);
		};
/* End PBXProject section */

/* Begin PBXResourcesBuildPhase section */
		2BA1422C1EE22FBC003DF54D /* Resources */ = {
			isa = PBXResourcesBuildPhase;
			buildActionMask = 2147483647;
			files = (
				2B5A59831EE231CD00EEC159 /* Info.plist in Resources */,
				2BA1423D1EE22FBC003DF54D /* LaunchScreen.storyboard in Resources */,
				2BA1423A1EE22FBC003DF54D /* Assets.xcassets in Resources */,
				2B5A599A1EE385FB00EEC159 /* Main.storyboard in Resources */,
			);
			runOnlyForDeploymentPostprocessing = 0;
		};
		2D9E263E19972FD10047C5C8 /* Resources */ = {
			isa = PBXResourcesBuildPhase;
			buildActionMask = 2147483647;
			files = (
				4FB082FF1E184136000814D0 /* Release.xcconfig in Resources */,
				4FB083001E184136000814D0 /* Tests.xcconfig in Resources */,
				4FB082FD1E184136000814D0 /* Debug.xcconfig in Resources */,
				4FB082FE1E184136000814D0 /* Framework.xcconfig in Resources */,
				4FB082FC1E184136000814D0 /* Base.xcconfig in Resources */,
			);
			runOnlyForDeploymentPostprocessing = 0;
		};
		2D9E264919972FD20047C5C8 /* Resources */ = {
			isa = PBXResourcesBuildPhase;
			buildActionMask = 2147483647;
			files = (
			);
			runOnlyForDeploymentPostprocessing = 0;
		};
		4FF1B2F51E184C860066AB9D /* Resources */ = {
			isa = PBXResourcesBuildPhase;
			buildActionMask = 2147483647;
			files = (
			);
			runOnlyForDeploymentPostprocessing = 0;
		};
/* End PBXResourcesBuildPhase section */

/* Begin PBXSourcesBuildPhase section */
		2BA1422A1EE22FBC003DF54D /* Sources */ = {
			isa = PBXSourcesBuildPhase;
			buildActionMask = 2147483647;
			files = (
				2B5A59951EE3852200EEC159 /* AppDelegate.swift in Sources */,
				2B5A59851EE247B900EEC159 /* EventDetailsViewController.swift in Sources */,
				2BA142461EE230A5003DF54D /* SODAClient.swift in Sources */,
				2B5A59961EE3852200EEC159 /* MapViewController.swift in Sources */,
				2B5A59971EE3852200EEC159 /* QueryViewController.swift in Sources */,
			);
			runOnlyForDeploymentPostprocessing = 0;
		};
		2D9E263B19972FD10047C5C8 /* Sources */ = {
			isa = PBXSourcesBuildPhase;
			buildActionMask = 2147483647;
			files = (
				2D9E265A19972FEF0047C5C8 /* SODAClient.swift in Sources */,
			);
			runOnlyForDeploymentPostprocessing = 0;
		};
		2D9E264719972FD20047C5C8 /* Sources */ = {
			isa = PBXSourcesBuildPhase;
			buildActionMask = 2147483647;
			files = (
				2D9E265019972FD20047C5C8 /* SODAClientTests.swift in Sources */,
				2D9E265B199736E90047C5C8 /* SODAClient.swift in Sources */,
			);
			runOnlyForDeploymentPostprocessing = 0;
		};
		4FF1B2F21E184C860066AB9D /* Sources */ = {
			isa = PBXSourcesBuildPhase;
			buildActionMask = 2147483647;
			files = (
				4FF1B2FF1E184C9F0066AB9D /* SODAClient.swift in Sources */,
			);
			runOnlyForDeploymentPostprocessing = 0;
		};
/* End PBXSourcesBuildPhase section */

/* Begin PBXVariantGroup section */
		2B5A59981EE385FB00EEC159 /* Main.storyboard */ = {
			isa = PBXVariantGroup;
			children = (
				2B5A59991EE385FB00EEC159 /* Base */,
			);
			name = Main.storyboard;
			path = ..;
			sourceTree = "<group>";
		};
		2BA1423B1EE22FBC003DF54D /* LaunchScreen.storyboard */ = {
			isa = PBXVariantGroup;
			children = (
				2BA1423C1EE22FBC003DF54D /* Base */,
			);
			name = LaunchScreen.storyboard;
			sourceTree = "<group>";
		};
/* End PBXVariantGroup section */

/* Begin XCBuildConfiguration section */
		2BA1423F1EE22FBC003DF54D /* Debug */ = {
			isa = XCBuildConfiguration;
			buildSettings = {
				ASSETCATALOG_COMPILER_APPICON_NAME = AppIcon;
				CLANG_WARN_DOCUMENTATION_COMMENTS = YES;
				DEBUG_INFORMATION_FORMAT = dwarf;
				GCC_PREPROCESSOR_DEFINITIONS = (
					"DEBUG=1",
					"$(inherited)",
				);
				INFOPLIST_FILE = "SODA iOS Sample/Info.plist";
				IPHONEOS_DEPLOYMENT_TARGET = 10.2;
				LD_RUNPATH_SEARCH_PATHS = "$(inherited) @executable_path/Frameworks";
				PRODUCT_BUNDLE_IDENTIFIER = "com.socrata.SODA-iOS-Sample";
				PRODUCT_NAME = "$(TARGET_NAME)";
				SDKROOT = iphoneos;
				SWIFT_ACTIVE_COMPILATION_CONDITIONS = DEBUG;
				SWIFT_VERSION = 3.0;
				TARGETED_DEVICE_FAMILY = "1,2";
			};
			name = Debug;
		};
		2BA142401EE22FBC003DF54D /* Release */ = {
			isa = XCBuildConfiguration;
			buildSettings = {
				ASSETCATALOG_COMPILER_APPICON_NAME = AppIcon;
				CLANG_WARN_DOCUMENTATION_COMMENTS = YES;
				COPY_PHASE_STRIP = NO;
				DEBUG_INFORMATION_FORMAT = "dwarf-with-dsym";
				INFOPLIST_FILE = "SODA iOS Sample/Info.plist";
				IPHONEOS_DEPLOYMENT_TARGET = 10.2;
				LD_RUNPATH_SEARCH_PATHS = "$(inherited) @executable_path/Frameworks";
				PRODUCT_BUNDLE_IDENTIFIER = "com.socrata.SODA-iOS-Sample";
				PRODUCT_NAME = "$(TARGET_NAME)";
				SDKROOT = iphoneos;
				SWIFT_VERSION = 3.0;
				TARGETED_DEVICE_FAMILY = "1,2";
				VALIDATE_PRODUCT = YES;
			};
			name = Release;
		};
		2D9E265119972FD20047C5C8 /* Debug */ = {
			isa = XCBuildConfiguration;
			baseConfigurationReference = 4FB082F81E184136000814D0 /* Debug.xcconfig */;
			buildSettings = {
				ALWAYS_SEARCH_USER_PATHS = NO;
				CLANG_ANALYZER_NONNULL = YES;
				CLANG_CXX_LANGUAGE_STANDARD = "gnu++0x";
				CLANG_CXX_LIBRARY = "libc++";
				CLANG_ENABLE_MODULES = YES;
				CLANG_ENABLE_OBJC_ARC = YES;
				CLANG_WARN_BOOL_CONVERSION = YES;
				CLANG_WARN_CONSTANT_CONVERSION = YES;
				CLANG_WARN_DIRECT_OBJC_ISA_USAGE = YES_ERROR;
				CLANG_WARN_EMPTY_BODY = YES;
				CLANG_WARN_ENUM_CONVERSION = YES;
				CLANG_WARN_INFINITE_RECURSION = YES;
				CLANG_WARN_INT_CONVERSION = YES;
				CLANG_WARN_OBJC_ROOT_CLASS = YES_ERROR;
				CLANG_WARN_SUSPICIOUS_MOVE = YES;
				CLANG_WARN_UNREACHABLE_CODE = YES;
				CLANG_WARN__DUPLICATE_METHOD_MATCH = YES;
				"CODE_SIGN_IDENTITY[sdk=iphoneos*]" = "iPhone Developer";
				COPY_PHASE_STRIP = NO;
				CURRENT_PROJECT_VERSION = 1;
				ENABLE_STRICT_OBJC_MSGSEND = YES;
				ENABLE_TESTABILITY = YES;
				GCC_C_LANGUAGE_STANDARD = gnu99;
				GCC_DYNAMIC_NO_PIC = NO;
				GCC_NO_COMMON_BLOCKS = YES;
				GCC_OPTIMIZATION_LEVEL = 0;
				GCC_WARN_64_TO_32_BIT_CONVERSION = YES;
				GCC_WARN_ABOUT_RETURN_TYPE = YES_ERROR;
				GCC_WARN_UNDECLARED_SELECTOR = YES;
				GCC_WARN_UNINITIALIZED_AUTOS = YES_AGGRESSIVE;
				GCC_WARN_UNUSED_FUNCTION = YES;
				GCC_WARN_UNUSED_VARIABLE = YES;
				MTL_ENABLE_DEBUG_INFO = YES;
				ONLY_ACTIVE_ARCH = YES;
				SDKROOT = macosx;
				SWIFT_OPTIMIZATION_LEVEL = "-Onone";
				VERSIONING_SYSTEM = "apple-generic";
				VERSION_INFO_PREFIX = "";
			};
			name = Debug;
		};
		2D9E265219972FD20047C5C8 /* Release */ = {
			isa = XCBuildConfiguration;
			baseConfigurationReference = 4FB082FA1E184136000814D0 /* Release.xcconfig */;
			buildSettings = {
				ALWAYS_SEARCH_USER_PATHS = NO;
				CLANG_ANALYZER_NONNULL = YES;
				CLANG_CXX_LANGUAGE_STANDARD = "gnu++0x";
				CLANG_CXX_LIBRARY = "libc++";
				CLANG_ENABLE_MODULES = YES;
				CLANG_ENABLE_OBJC_ARC = YES;
				CLANG_WARN_BOOL_CONVERSION = YES;
				CLANG_WARN_CONSTANT_CONVERSION = YES;
				CLANG_WARN_DIRECT_OBJC_ISA_USAGE = YES_ERROR;
				CLANG_WARN_EMPTY_BODY = YES;
				CLANG_WARN_ENUM_CONVERSION = YES;
				CLANG_WARN_INFINITE_RECURSION = YES;
				CLANG_WARN_INT_CONVERSION = YES;
				CLANG_WARN_OBJC_ROOT_CLASS = YES_ERROR;
				CLANG_WARN_SUSPICIOUS_MOVE = YES;
				CLANG_WARN_UNREACHABLE_CODE = YES;
				CLANG_WARN__DUPLICATE_METHOD_MATCH = YES;
				"CODE_SIGN_IDENTITY[sdk=iphoneos*]" = "iPhone Developer";
				COPY_PHASE_STRIP = YES;
				CURRENT_PROJECT_VERSION = 1;
				ENABLE_NS_ASSERTIONS = NO;
				ENABLE_STRICT_OBJC_MSGSEND = YES;
				GCC_C_LANGUAGE_STANDARD = gnu99;
				GCC_NO_COMMON_BLOCKS = YES;
				GCC_WARN_64_TO_32_BIT_CONVERSION = YES;
				GCC_WARN_ABOUT_RETURN_TYPE = YES_ERROR;
				GCC_WARN_UNDECLARED_SELECTOR = YES;
				GCC_WARN_UNINITIALIZED_AUTOS = YES_AGGRESSIVE;
				GCC_WARN_UNUSED_FUNCTION = YES;
				GCC_WARN_UNUSED_VARIABLE = YES;
				MTL_ENABLE_DEBUG_INFO = NO;
				SDKROOT = macosx;
				SWIFT_OPTIMIZATION_LEVEL = "-Owholemodule";
				VERSIONING_SYSTEM = "apple-generic";
				VERSION_INFO_PREFIX = "";
			};
			name = Release;
		};
		2D9E265419972FD20047C5C8 /* Debug */ = {
			isa = XCBuildConfiguration;
			baseConfigurationReference = 4FB082F91E184136000814D0 /* Framework.xcconfig */;
			buildSettings = {
				SDKROOT = iphoneos;
				SWIFT_VERSION = 3.0;
			};
			name = Debug;
		};
		2D9E265519972FD20047C5C8 /* Release */ = {
			isa = XCBuildConfiguration;
			baseConfigurationReference = 4FB082F91E184136000814D0 /* Framework.xcconfig */;
			buildSettings = {
				SDKROOT = iphoneos;
				SWIFT_VERSION = 3.0;
			};
			name = Release;
		};
		2D9E265719972FD20047C5C8 /* Debug */ = {
			isa = XCBuildConfiguration;
			baseConfigurationReference = 4FB082FB1E184136000814D0 /* Tests.xcconfig */;
			buildSettings = {
				FRAMEWORK_SEARCH_PATHS = (
					"$(SDKROOT)/Developer/Library/Frameworks",
					"$(inherited)",
				);
				GCC_PREPROCESSOR_DEFINITIONS = (
					"DEBUG=1",
					"$(inherited)",
				);
				INFOPLIST_FILE = SODATests/Info.plist;
				LD_RUNPATH_SEARCH_PATHS = "$(inherited) @executable_path/Frameworks @loader_path/Frameworks";
				PRODUCT_BUNDLE_IDENTIFIER = "com.socrata.$(PRODUCT_NAME:rfc1034identifier)";
				PRODUCT_NAME = "$(TARGET_NAME)";
				SWIFT_VERSION = 3.0;
			};
			name = Debug;
		};
		2D9E265819972FD20047C5C8 /* Release */ = {
			isa = XCBuildConfiguration;
			baseConfigurationReference = 4FB082FB1E184136000814D0 /* Tests.xcconfig */;
			buildSettings = {
				FRAMEWORK_SEARCH_PATHS = (
					"$(SDKROOT)/Developer/Library/Frameworks",
					"$(inherited)",
				);
				INFOPLIST_FILE = SODATests/Info.plist;
				LD_RUNPATH_SEARCH_PATHS = "$(inherited) @executable_path/Frameworks @loader_path/Frameworks";
				PRODUCT_BUNDLE_IDENTIFIER = "com.socrata.$(PRODUCT_NAME:rfc1034identifier)";
				PRODUCT_NAME = "$(TARGET_NAME)";
				SWIFT_VERSION = 3.0;
			};
			name = Release;
		};
		4FF1B2FD1E184C860066AB9D /* Debug */ = {
			isa = XCBuildConfiguration;
			baseConfigurationReference = 4FB082F91E184136000814D0 /* Framework.xcconfig */;
			buildSettings = {
				CLANG_WARN_DOCUMENTATION_COMMENTS = YES;
				DEBUG_INFORMATION_FORMAT = dwarf;
				DEFINES_MODULE = YES;
				SDKROOT = watchos;
				SWIFT_ACTIVE_COMPILATION_CONDITIONS = DEBUG;
				SWIFT_VERSION = 3.0;
				TARGETED_DEVICE_FAMILY = 4;
			};
			name = Debug;
		};
		4FF1B2FE1E184C860066AB9D /* Release */ = {
			isa = XCBuildConfiguration;
			baseConfigurationReference = 4FB082F91E184136000814D0 /* Framework.xcconfig */;
			buildSettings = {
				CLANG_WARN_DOCUMENTATION_COMMENTS = YES;
				DEFINES_MODULE = YES;
				SDKROOT = watchos;
				SWIFT_VERSION = 3.0;
				TARGETED_DEVICE_FAMILY = 4;
			};
			name = Release;
		};
/* End XCBuildConfiguration section */

/* Begin XCConfigurationList section */
		2BA142411EE22FBC003DF54D /* Build configuration list for PBXNativeTarget "SODA iOS Sample" */ = {
			isa = XCConfigurationList;
			buildConfigurations = (
				2BA1423F1EE22FBC003DF54D /* Debug */,
				2BA142401EE22FBC003DF54D /* Release */,
			);
			defaultConfigurationIsVisible = 0;
			defaultConfigurationName = Release;
		};
		2D9E263A19972FD10047C5C8 /* Build configuration list for PBXProject "soda-swift" */ = {
			isa = XCConfigurationList;
			buildConfigurations = (
				2D9E265119972FD20047C5C8 /* Debug */,
				2D9E265219972FD20047C5C8 /* Release */,
			);
			defaultConfigurationIsVisible = 0;
			defaultConfigurationName = Release;
		};
		2D9E265319972FD20047C5C8 /* Build configuration list for PBXNativeTarget "SODAKit" */ = {
			isa = XCConfigurationList;
			buildConfigurations = (
				2D9E265419972FD20047C5C8 /* Debug */,
				2D9E265519972FD20047C5C8 /* Release */,
			);
			defaultConfigurationIsVisible = 0;
			defaultConfigurationName = Release;
		};
		2D9E265619972FD20047C5C8 /* Build configuration list for PBXNativeTarget "SODATests" */ = {
			isa = XCConfigurationList;
			buildConfigurations = (
				2D9E265719972FD20047C5C8 /* Debug */,
				2D9E265819972FD20047C5C8 /* Release */,
			);
			defaultConfigurationIsVisible = 0;
			defaultConfigurationName = Release;
		};
		4FF1B2FC1E184C860066AB9D /* Build configuration list for PBXNativeTarget "SODAKit (watchOS)" */ = {
			isa = XCConfigurationList;
			buildConfigurations = (
				4FF1B2FD1E184C860066AB9D /* Debug */,
				4FF1B2FE1E184C860066AB9D /* Release */,
			);
			defaultConfigurationIsVisible = 0;
			defaultConfigurationName = Release;
		};
/* End XCConfigurationList section */
	};
	rootObject = 2D9E263719972FD10047C5C8 /* Project object */;
}
